
Microsoft Visual Studio Solution File, Format Version 12.00
# Visual Studio 15
VisualStudioVersion = 15.0.26124.0
MinimumVisualStudioVersion = 15.0.26124.0
Project("{FAE04EC0-301F-11D3-BF4B-00C04F79EFBC}") = "application", "Api.Application\application.csproj", "{84EB059A-2474-406D-92A8-649947FE8935}"
EndProject
Project("{FAE04EC0-301F-11D3-BF4B-00C04F79EFBC}") = "Domain", "Api.Domain\Domain.csproj", "{F48E8320-61F4-4232-9D87-E457A7AE81C3}"
EndProject
Project("{FAE04EC0-301F-11D3-BF4B-00C04F79EFBC}") = "CrossCutting", "Api.CrossCutting\CrossCutting.csproj", "{A0CCD818-1408-44FF-8DFC-0DE4CD4A3F71}"
EndProject
Project("{FAE04EC0-301F-11D3-BF4B-00C04F79EFBC}") = "Data", "Api.Data\Data.csproj", "{E7BBB7B2-D206-4867-9C23-79A1F30EE31B}"
EndProject
Project("{FAE04EC0-301F-11D3-BF4B-00C04F79EFBC}") = "Service", "Api.Service\Service.csproj", "{219F9A83-2F9E-483F-91E7-B71BEE564232}"
EndProject
Project("{FAE04EC0-301F-11D3-BF4B-00C04F79EFBC}") = "Api.Data.Test", "Api.Data.Test\Api.Data.Test.csproj", "{D39FFF44-9336-403B-8F78-D8C10C39AFCB}"
EndProject
Global
	GlobalSection(SolutionConfigurationPlatforms) = preSolution
		Debug|Any CPU = Debug|Any CPU
		Debug|x64 = Debug|x64
		Debug|x86 = Debug|x86
		Release|Any CPU = Release|Any CPU
		Release|x64 = Release|x64
		Release|x86 = Release|x86
	EndGlobalSection
	GlobalSection(SolutionProperties) = preSolution
		HideSolutionNode = FALSE
	EndGlobalSection
	GlobalSection(ProjectConfigurationPlatforms) = postSolution
		{84EB059A-2474-406D-92A8-649947FE8935}.Debug|Any CPU.ActiveCfg = Debug|Any CPU
		{84EB059A-2474-406D-92A8-649947FE8935}.Debug|Any CPU.Build.0 = Debug|Any CPU
		{84EB059A-2474-406D-92A8-649947FE8935}.Debug|x64.ActiveCfg = Debug|Any CPU
		{84EB059A-2474-406D-92A8-649947FE8935}.Debug|x64.Build.0 = Debug|Any CPU
		{84EB059A-2474-406D-92A8-649947FE8935}.Debug|x86.ActiveCfg = Debug|Any CPU
		{84EB059A-2474-406D-92A8-649947FE8935}.Debug|x86.Build.0 = Debug|Any CPU
		{84EB059A-2474-406D-92A8-649947FE8935}.Release|Any CPU.ActiveCfg = Release|Any CPU
		{84EB059A-2474-406D-92A8-649947FE8935}.Release|Any CPU.Build.0 = Release|Any CPU
		{84EB059A-2474-406D-92A8-649947FE8935}.Release|x64.ActiveCfg = Release|Any CPU
		{84EB059A-2474-406D-92A8-649947FE8935}.Release|x64.Build.0 = Release|Any CPU
		{84EB059A-2474-406D-92A8-649947FE8935}.Release|x86.ActiveCfg = Release|Any CPU
		{84EB059A-2474-406D-92A8-649947FE8935}.Release|x86.Build.0 = Release|Any CPU
		{F48E8320-61F4-4232-9D87-E457A7AE81C3}.Debug|Any CPU.ActiveCfg = Debug|Any CPU
		{F48E8320-61F4-4232-9D87-E457A7AE81C3}.Debug|Any CPU.Build.0 = Debug|Any CPU
		{F48E8320-61F4-4232-9D87-E457A7AE81C3}.Debug|x64.ActiveCfg = Debug|Any CPU
		{F48E8320-61F4-4232-9D87-E457A7AE81C3}.Debug|x64.Build.0 = Debug|Any CPU
		{F48E8320-61F4-4232-9D87-E457A7AE81C3}.Debug|x86.ActiveCfg = Debug|Any CPU
		{F48E8320-61F4-4232-9D87-E457A7AE81C3}.Debug|x86.Build.0 = Debug|Any CPU
		{F48E8320-61F4-4232-9D87-E457A7AE81C3}.Release|Any CPU.ActiveCfg = Release|Any CPU
		{F48E8320-61F4-4232-9D87-E457A7AE81C3}.Release|Any CPU.Build.0 = Release|Any CPU
		{F48E8320-61F4-4232-9D87-E457A7AE81C3}.Release|x64.ActiveCfg = Release|Any CPU
		{F48E8320-61F4-4232-9D87-E457A7AE81C3}.Release|x64.Build.0 = Release|Any CPU
		{F48E8320-61F4-4232-9D87-E457A7AE81C3}.Release|x86.ActiveCfg = Release|Any CPU
		{F48E8320-61F4-4232-9D87-E457A7AE81C3}.Release|x86.Build.0 = Release|Any CPU
		{A0CCD818-1408-44FF-8DFC-0DE4CD4A3F71}.Debug|Any CPU.ActiveCfg = Debug|Any CPU
		{A0CCD818-1408-44FF-8DFC-0DE4CD4A3F71}.Debug|Any CPU.Build.0 = Debug|Any CPU
		{A0CCD818-1408-44FF-8DFC-0DE4CD4A3F71}.Debug|x64.ActiveCfg = Debug|Any CPU
		{A0CCD818-1408-44FF-8DFC-0DE4CD4A3F71}.Debug|x64.Build.0 = Debug|Any CPU
		{A0CCD818-1408-44FF-8DFC-0DE4CD4A3F71}.Debug|x86.ActiveCfg = Debug|Any CPU
		{A0CCD818-1408-44FF-8DFC-0DE4CD4A3F71}.Debug|x86.Build.0 = Debug|Any CPU
		{A0CCD818-1408-44FF-8DFC-0DE4CD4A3F71}.Release|Any CPU.ActiveCfg = Release|Any CPU
		{A0CCD818-1408-44FF-8DFC-0DE4CD4A3F71}.Release|Any CPU.Build.0 = Release|Any CPU
		{A0CCD818-1408-44FF-8DFC-0DE4CD4A3F71}.Release|x64.ActiveCfg = Release|Any CPU
		{A0CCD818-1408-44FF-8DFC-0DE4CD4A3F71}.Release|x64.Build.0 = Release|Any CPU
		{A0CCD818-1408-44FF-8DFC-0DE4CD4A3F71}.Release|x86.ActiveCfg = Release|Any CPU
		{A0CCD818-1408-44FF-8DFC-0DE4CD4A3F71}.Release|x86.Build.0 = Release|Any CPU
		{E7BBB7B2-D206-4867-9C23-79A1F30EE31B}.Debug|Any CPU.ActiveCfg = Debug|Any CPU
		{E7BBB7B2-D206-4867-9C23-79A1F30EE31B}.Debug|Any CPU.Build.0 = Debug|Any CPU
		{E7BBB7B2-D206-4867-9C23-79A1F30EE31B}.Debug|x64.ActiveCfg = Debug|Any CPU
		{E7BBB7B2-D206-4867-9C23-79A1F30EE31B}.Debug|x64.Build.0 = Debug|Any CPU
		{E7BBB7B2-D206-4867-9C23-79A1F30EE31B}.Debug|x86.ActiveCfg = Debug|Any CPU
		{E7BBB7B2-D206-4867-9C23-79A1F30EE31B}.Debug|x86.Build.0 = Debug|Any CPU
		{E7BBB7B2-D206-4867-9C23-79A1F30EE31B}.Release|Any CPU.ActiveCfg = Release|Any CPU
		{E7BBB7B2-D206-4867-9C23-79A1F30EE31B}.Release|Any CPU.Build.0 = Release|Any CPU
		{E7BBB7B2-D206-4867-9C23-79A1F30EE31B}.Release|x64.ActiveCfg = Release|Any CPU
		{E7BBB7B2-D206-4867-9C23-79A1F30EE31B}.Release|x64.Build.0 = Release|Any CPU
		{E7BBB7B2-D206-4867-9C23-79A1F30EE31B}.Release|x86.ActiveCfg = Release|Any CPU
		{E7BBB7B2-D206-4867-9C23-79A1F30EE31B}.Release|x86.Build.0 = Release|Any CPU
		{219F9A83-2F9E-483F-91E7-B71BEE564232}.Debug|Any CPU.ActiveCfg = Debug|Any CPU
		{219F9A83-2F9E-483F-91E7-B71BEE564232}.Debug|Any CPU.Build.0 = Debug|Any CPU
		{219F9A83-2F9E-483F-91E7-B71BEE564232}.Debug|x64.ActiveCfg = Debug|Any CPU
		{219F9A83-2F9E-483F-91E7-B71BEE564232}.Debug|x64.Build.0 = Debug|Any CPU
		{219F9A83-2F9E-483F-91E7-B71BEE564232}.Debug|x86.ActiveCfg = Debug|Any CPU
		{219F9A83-2F9E-483F-91E7-B71BEE564232}.Debug|x86.Build.0 = Debug|Any CPU
		{219F9A83-2F9E-483F-91E7-B71BEE564232}.Release|Any CPU.ActiveCfg = Release|Any CPU
		{219F9A83-2F9E-483F-91E7-B71BEE564232}.Release|Any CPU.Build.0 = Release|Any CPU
		{219F9A83-2F9E-483F-91E7-B71BEE564232}.Release|x64.ActiveCfg = Release|Any CPU
		{219F9A83-2F9E-483F-91E7-B71BEE564232}.Release|x64.Build.0 = Release|Any CPU
		{219F9A83-2F9E-483F-91E7-B71BEE564232}.Release|x86.ActiveCfg = Release|Any CPU
		{219F9A83-2F9E-483F-91E7-B71BEE564232}.Release|x86.Build.0 = Release|Any CPU
		{D39FFF44-9336-403B-8F78-D8C10C39AFCB}.Debug|Any CPU.ActiveCfg = Debug|Any CPU
		{D39FFF44-9336-403B-8F78-D8C10C39AFCB}.Debug|Any CPU.Build.0 = Debug|Any CPU
		{D39FFF44-9336-403B-8F78-D8C10C39AFCB}.Debug|x64.ActiveCfg = Debug|Any CPU
		{D39FFF44-9336-403B-8F78-D8C10C39AFCB}.Debug|x64.Build.0 = Debug|Any CPU
		{D39FFF44-9336-403B-8F78-D8C10C39AFCB}.Debug|x86.ActiveCfg = Debug|Any CPU
		{D39FFF44-9336-403B-8F78-D8C10C39AFCB}.Debug|x86.Build.0 = Debug|Any CPU
		{D39FFF44-9336-403B-8F78-D8C10C39AFCB}.Release|Any CPU.ActiveCfg = Release|Any CPU
		{D39FFF44-9336-403B-8F78-D8C10C39AFCB}.Release|Any CPU.Build.0 = Release|Any CPU
		{D39FFF44-9336-403B-8F78-D8C10C39AFCB}.Release|x64.ActiveCfg = Release|Any CPU
		{D39FFF44-9336-403B-8F78-D8C10C39AFCB}.Release|x64.Build.0 = Release|Any CPU
		{D39FFF44-9336-403B-8F78-D8C10C39AFCB}.Release|x86.ActiveCfg = Release|Any CPU
		{D39FFF44-9336-403B-8F78-D8C10C39AFCB}.Release|x86.Build.0 = Release|Any CPU
	EndGlobalSection
EndGlobal
